
Microsoft Visual Studio Solution File, Format Version 12.00
# Visual Studio Version 17
VisualStudioVersion = 17.6.33723.286
MinimumVisualStudioVersion = 10.0.40219.1
Project("{8BC9CEB8-8B4A-11D0-8D11-00A0C91BC942}") = "12_24_work", "12_24_work\12_24_work.vcxproj", "{0549D088-60C5-4DD0-B19F-BBEFFC9AF442}"
EndProject
Global
	GlobalSection(SolutionConfigurationPlatforms) = preSolution
		Debug|x64 = Debug|x64
		Debug|x86 = Debug|x86
		Release|x64 = Release|x64
		Release|x86 = Release|x86
	EndGlobalSection
	GlobalSection(ProjectConfigurationPlatforms) = postSolution
		{0549D088-60C5-4DD0-B19F-BBEFFC9AF442}.Debug|x64.ActiveCfg = Debug|x64
		{0549D088-60C5-4DD0-B19F-BBEFFC9AF442}.Debug|x64.Build.0 = Debug|x64
		{0549D088-60C5-4DD0-B19F-BBEFFC9AF442}.Debug|x86.ActiveCfg = Debug|Win32
		{0549D088-60C5-4DD0-B19F-BBEFFC9AF442}.Debug|x86.Build.0 = Debug|Win32
		{0549D088-60C5-4DD0-B19F-BBEFFC9AF442}.Release|x64.ActiveCfg = Release|x64
		{0549D088-60C5-4DD0-B19F-BBEFFC9AF442}.Release|x64.Build.0 = Release|x64
		{0549D088-60C5-4DD0-B19F-BBEFFC9AF442}.Release|x86.ActiveCfg = Release|Win32
		{0549D088-60C5-4DD0-B19F-BBEFFC9AF442}.Release|x86.Build.0 = Release|Win32
	EndGlobalSection
	GlobalSection(SolutionProperties) = preSolution
		HideSolutionNode = FALSE
	EndGlobalSection
	GlobalSection(ExtensibilityGlobals) = postSolution
		SolutionGuid = {B1BB737F-4AF6-4F37-8CB2-DB876B909D30}
	EndGlobalSection
EndGlobal
